
Microsoft Visual Studio Solution File, Format Version 11.00
# Visual Studio 2010
Project("{FAE04EC0-301F-11D3-BF4B-00C04F79EFBC}") = "PrinterScanner", "PrinterScanner\PrinterScanner.csproj", "{5A101310-4D06-4035-9E1F-CB64FE7FEECA}"
EndProject
Global
	GlobalSection(SolutionConfigurationPlatforms) = preSolution
		Debug|x86 = Debug|x86
		Release|x86 = Release|x86
	EndGlobalSection
	GlobalSection(ProjectConfigurationPlatforms) = postSolution
		{5A101310-4D06-4035-9E1F-CB64FE7FEECA}.Debug|x86.ActiveCfg = Debug|x86
		{5A101310-4D06-4035-9E1F-CB64FE7FEECA}.Debug|x86.Build.0 = Debug|x86
		{5A101310-4D06-4035-9E1F-CB64FE7FEECA}.Release|x86.ActiveCfg = Release|x86
		{5A101310-4D06-4035-9E1F-CB64FE7FEECA}.Release|x86.Build.0 = Release|x86
	EndGlobalSection
	GlobalSection(SolutionProperties) = preSolution
		HideSolutionNode = FALSE
	EndGlobalSection
EndGlobal
